<?xml version="1.0" encoding="UTF-8"?>
<CodeBlocks_project_file>
	<FileVersion major="1" minor="6"/>
	<Project>
		<Option title="gruut_hana_merger"/>
		<Option makefile_is_custom="1"/>
		<Option compiler="gcc"/>
		<Option virtualFolders="CMake Files\;CMake Files\..\;CMake Files\..\..\;CMake Files\..\..\vcpkg\;CMake Files\..\..\vcpkg\scripts\;CMake Files\..\..\vcpkg\scripts\buildsystems\;CMake Files\include\;"/>
		<Build>
			<Target title="all">
				<Option working_dir="/Users/junsukpark/CLionProjects/gruut_hana_merger"/>
				<Option type="4"/>
				<MakeCommands>
					<Build command="/usr/bin/make -j8 -f &quot;/Users/junsukpark/CLionProjects/gruut_hana_merger/Makefile&quot;  VERBOSE=1 all"/>
					<CompileFile command="/usr/bin/make -j8 -f &quot;/Users/junsukpark/CLionProjects/gruut_hana_merger/Makefile&quot;  VERBOSE=1 &quot;$file&quot;"/>
					<Clean command="/usr/bin/make -j8 -f &quot;/Users/junsukpark/CLionProjects/gruut_hana_merger/Makefile&quot;  VERBOSE=1 clean"/>
					<DistClean command="/usr/bin/make -j8 -f &quot;/Users/junsukpark/CLionProjects/gruut_hana_merger/Makefile&quot;  VERBOSE=1 clean"/>
				</MakeCommands>
			</Target>
			<Target title="rebuild_cache">
				<Option working_dir="/Users/junsukpark/CLionProjects/gruut_hana_merger"/>
				<Option type="4"/>
				<MakeCommands>
					<Build command="/usr/bin/make -j8 -f &quot;/Users/junsukpark/CLionProjects/gruut_hana_merger/Makefile&quot;  VERBOSE=1 rebuild_cache"/>
					<CompileFile command="/usr/bin/make -j8 -f &quot;/Users/junsukpark/CLionProjects/gruut_hana_merger/Makefile&quot;  VERBOSE=1 &quot;$file&quot;"/>
					<Clean command="/usr/bin/make -j8 -f &quot;/Users/junsukpark/CLionProjects/gruut_hana_merger/Makefile&quot;  VERBOSE=1 clean"/>
					<DistClean command="/usr/bin/make -j8 -f &quot;/Users/junsukpark/CLionProjects/gruut_hana_merger/Makefile&quot;  VERBOSE=1 clean"/>
				</MakeCommands>
			</Target>
			<Target title="edit_cache">
				<Option working_dir="/Users/junsukpark/CLionProjects/gruut_hana_merger"/>
				<Option type="4"/>
				<MakeCommands>
					<Build command="/usr/bin/make -j8 -f &quot;/Users/junsukpark/CLionProjects/gruut_hana_merger/Makefile&quot;  VERBOSE=1 edit_cache"/>
					<CompileFile command="/usr/bin/make -j8 -f &quot;/Users/junsukpark/CLionProjects/gruut_hana_merger/Makefile&quot;  VERBOSE=1 &quot;$file&quot;"/>
					<Clean command="/usr/bin/make -j8 -f &quot;/Users/junsukpark/CLionProjects/gruut_hana_merger/Makefile&quot;  VERBOSE=1 clean"/>
					<DistClean command="/usr/bin/make -j8 -f &quot;/Users/junsukpark/CLionProjects/gruut_hana_merger/Makefile&quot;  VERBOSE=1 clean"/>
				</MakeCommands>
			</Target>
			<Target title="gruut_hana_merger">
				<Option output="/Users/junsukpark/CLionProjects/gruut_hana_merger/gruut_hana_merger" prefix_auto="0" extension_auto="0"/>
				<Option working_dir="/Users/junsukpark/CLionProjects/gruut_hana_merger"/>
				<Option object_output="./"/>
				<Option type="1"/>
				<Option compiler="gcc"/>
				<Compiler>
					<Add directory="/Users/junsukpark/CLionProjects/gruut_hana_merger/include"/>
					<Add directory="/Library/Developer/CommandLineTools/usr/include/c++/v1"/>
					<Add directory="/usr/local/include"/>
					<Add directory="/Library/Developer/CommandLineTools/usr/lib/clang/10.0.0/include"/>
					<Add directory="/Library/Developer/CommandLineTools/usr/include"/>
					<Add directory="/usr/include"/>
					<Add directory="/System/Library/Frameworks"/>
					<Add directory="/Library/Frameworks"/>
				</Compiler>
				<MakeCommands>
					<Build command="/usr/bin/make -j8 -f &quot;/Users/junsukpark/CLionProjects/gruut_hana_merger/Makefile&quot;  VERBOSE=1 gruut_hana_merger"/>
					<CompileFile command="/usr/bin/make -j8 -f &quot;/Users/junsukpark/CLionProjects/gruut_hana_merger/Makefile&quot;  VERBOSE=1 &quot;$file&quot;"/>
					<Clean command="/usr/bin/make -j8 -f &quot;/Users/junsukpark/CLionProjects/gruut_hana_merger/Makefile&quot;  VERBOSE=1 clean"/>
					<DistClean command="/usr/bin/make -j8 -f &quot;/Users/junsukpark/CLionProjects/gruut_hana_merger/Makefile&quot;  VERBOSE=1 clean"/>
				</MakeCommands>
			</Target>
			<Target title="gruut_hana_merger/fast">
				<Option output="/Users/junsukpark/CLionProjects/gruut_hana_merger/gruut_hana_merger" prefix_auto="0" extension_auto="0"/>
				<Option working_dir="/Users/junsukpark/CLionProjects/gruut_hana_merger"/>
				<Option object_output="./"/>
				<Option type="1"/>
				<Option compiler="gcc"/>
				<Compiler>
					<Add directory="/Users/junsukpark/CLionProjects/gruut_hana_merger/include"/>
					<Add directory="/Library/Developer/CommandLineTools/usr/include/c++/v1"/>
					<Add directory="/usr/local/include"/>
					<Add directory="/Library/Developer/CommandLineTools/usr/lib/clang/10.0.0/include"/>
					<Add directory="/Library/Developer/CommandLineTools/usr/include"/>
					<Add directory="/usr/include"/>
					<Add directory="/System/Library/Frameworks"/>
					<Add directory="/Library/Frameworks"/>
				</Compiler>
				<MakeCommands>
					<Build command="/usr/bin/make -j8 -f &quot;/Users/junsukpark/CLionProjects/gruut_hana_merger/Makefile&quot;  VERBOSE=1 gruut_hana_merger/fast"/>
					<CompileFile command="/usr/bin/make -j8 -f &quot;/Users/junsukpark/CLionProjects/gruut_hana_merger/Makefile&quot;  VERBOSE=1 &quot;$file&quot;"/>
					<Clean command="/usr/bin/make -j8 -f &quot;/Users/junsukpark/CLionProjects/gruut_hana_merger/Makefile&quot;  VERBOSE=1 clean"/>
					<DistClean command="/usr/bin/make -j8 -f &quot;/Users/junsukpark/CLionProjects/gruut_hana_merger/Makefile&quot;  VERBOSE=1 clean"/>
				</MakeCommands>
			</Target>
			<Target title="include">
				<Option output="/Users/junsukpark/CLionProjects/gruut_hana_merger/include/libinclude.a" prefix_auto="0" extension_auto="0"/>
				<Option working_dir="/Users/junsukpark/CLionProjects/gruut_hana_merger/include"/>
				<Option object_output="./"/>
				<Option type="2"/>
				<Option compiler="gcc"/>
				<Compiler>
					<Add directory="/Users/junsukpark/CLionProjects/gruut_hana_merger/include"/>
					<Add directory="/Library/Developer/CommandLineTools/usr/include/c++/v1"/>
					<Add directory="/usr/local/include"/>
					<Add directory="/Library/Developer/CommandLineTools/usr/lib/clang/10.0.0/include"/>
					<Add directory="/Library/Developer/CommandLineTools/usr/include"/>
					<Add directory="/usr/include"/>
					<Add directory="/System/Library/Frameworks"/>
					<Add directory="/Library/Frameworks"/>
				</Compiler>
				<MakeCommands>
					<Build command="/usr/bin/make -j8 -f &quot;/Users/junsukpark/CLionProjects/gruut_hana_merger/include/Makefile&quot;  VERBOSE=1 include"/>
					<CompileFile command="/usr/bin/make -j8 -f &quot;/Users/junsukpark/CLionProjects/gruut_hana_merger/include/Makefile&quot;  VERBOSE=1 &quot;$file&quot;"/>
					<Clean command="/usr/bin/make -j8 -f &quot;/Users/junsukpark/CLionProjects/gruut_hana_merger/include/Makefile&quot;  VERBOSE=1 clean"/>
					<DistClean command="/usr/bin/make -j8 -f &quot;/Users/junsukpark/CLionProjects/gruut_hana_merger/include/Makefile&quot;  VERBOSE=1 clean"/>
				</MakeCommands>
			</Target>
			<Target title="include/fast">
				<Option output="/Users/junsukpark/CLionProjects/gruut_hana_merger/include/libinclude.a" prefix_auto="0" extension_auto="0"/>
				<Option working_dir="/Users/junsukpark/CLionProjects/gruut_hana_merger/include"/>
				<Option object_output="./"/>
				<Option type="2"/>
				<Option compiler="gcc"/>
				<Compiler>
					<Add directory="/Users/junsukpark/CLionProjects/gruut_hana_merger/include"/>
					<Add directory="/Library/Developer/CommandLineTools/usr/include/c++/v1"/>
					<Add directory="/usr/local/include"/>
					<Add directory="/Library/Developer/CommandLineTools/usr/lib/clang/10.0.0/include"/>
					<Add directory="/Library/Developer/CommandLineTools/usr/include"/>
					<Add directory="/usr/include"/>
					<Add directory="/System/Library/Frameworks"/>
					<Add directory="/Library/Frameworks"/>
				</Compiler>
				<MakeCommands>
					<Build command="/usr/bin/make -j8 -f &quot;/Users/junsukpark/CLionProjects/gruut_hana_merger/include/Makefile&quot;  VERBOSE=1 include/fast"/>
					<CompileFile command="/usr/bin/make -j8 -f &quot;/Users/junsukpark/CLionProjects/gruut_hana_merger/include/Makefile&quot;  VERBOSE=1 &quot;$file&quot;"/>
					<Clean command="/usr/bin/make -j8 -f &quot;/Users/junsukpark/CLionProjects/gruut_hana_merger/include/Makefile&quot;  VERBOSE=1 clean"/>
					<DistClean command="/usr/bin/make -j8 -f &quot;/Users/junsukpark/CLionProjects/gruut_hana_merger/include/Makefile&quot;  VERBOSE=1 clean"/>
				</MakeCommands>
			</Target>
		</Build>
		<Unit filename="/Users/junsukpark/CLionProjects/gruut_hana_merger/include/nlohmann/json.hpp">
			<Option target="gruut_hana_merger"/>
			<Option target="include"/>
		</Unit>
		<Unit filename="/Users/junsukpark/CLionProjects/gruut_hana_merger/main.cpp">
			<Option target="gruut_hana_merger"/>
		</Unit>
		<Unit filename="/Users/junsukpark/CLionProjects/gruut_hana_merger/CMakeLists.txt">
			<Option virtualFolder="CMake Files\"/>
		</Unit>
		<Unit filename="/Users/junsukpark/CLionProjects/gruut_hana_merger/../../vcpkg/scripts/buildsystems/vcpkg.cmake">
			<Option virtualFolder="CMake Files\..\..\vcpkg\scripts\buildsystems\"/>
		</Unit>
		<Unit filename="/Users/junsukpark/CLionProjects/gruut_hana_merger/include/CMakeLists.txt">
			<Option virtualFolder="CMake Files\include\"/>
		</Unit>
	</Project>
</CodeBlocks_project_file>
